// !$*UTF8*$!
{
	archiveVersion = 1;
	classes = {
	};
	objectVersion = 52;
	objects = {

/* Begin PBXBuildFile section */
		F01C3C4A27286609002AA7FE /* Kingfisher in Frameworks */ = {isa = PBXBuildFile; productRef = F01C3C4927286609002AA7FE /* Kingfisher */; };
		F08BA5D12727B3CA00FADAAB /* Checkmark_jatiperApp.swift in Sources */ = {isa = PBXBuildFile; fileRef = F08BA5D02727B3CA00FADAAB /* Checkmark_jatiperApp.swift */; };
		F08BA5D32727B3CA00FADAAB /* ContentView.swift in Sources */ = {isa = PBXBuildFile; fileRef = F08BA5D22727B3CA00FADAAB /* ContentView.swift */; };
		F08BA5D52727B3CB00FADAAB /* Assets.xcassets in Resources */ = {isa = PBXBuildFile; fileRef = F08BA5D42727B3CB00FADAAB /* Assets.xcassets */; };
		F08BA5D82727B3CB00FADAAB /* Preview Assets.xcassets in Resources */ = {isa = PBXBuildFile; fileRef = F08BA5D72727B3CB00FADAAB /* Preview Assets.xcassets */; };
/* End PBXBuildFile section */

/* Begin PBXFileReference section */
		F08BA5CD2727B3CA00FADAAB /* Checkmark jatiper.app */ = {isa = PBXFileReference; explicitFileType = wrapper.application; includeInIndex = 0; path = "Checkmark jatiper.app"; sourceTree = BUILT_PRODUCTS_DIR; };
		F08BA5D02727B3CA00FADAAB /* Checkmark_jatiperApp.swift */ = {isa = PBXFileReference; lastKnownFileType = sourcecode.swift; path = Checkmark_jatiperApp.swift; sourceTree = "<group>"; };
		F08BA5D22727B3CA00FADAAB /* ContentView.swift */ = {isa = PBXFileReference; lastKnownFileType = sourcecode.swift; path = ContentView.swift; sourceTree = "<group>"; };
		F08BA5D42727B3CB00FADAAB /* Assets.xcassets */ = {isa = PBXFileReference; lastKnownFileType = folder.assetcatalog; path = Assets.xcassets; sourceTree = "<group>"; };
		F08BA5D72727B3CB00FADAAB /* Preview Assets.xcassets */ = {isa = PBXFileReference; lastKnownFileType = folder.assetcatalog; path = "Preview Assets.xcassets"; sourceTree = "<group>"; };
		F08BA5D92727B3CB00FADAAB /* Info.plist */ = {isa = PBXFileReference; lastKnownFileType = text.plist.xml; path = Info.plist; sourceTree = "<group>"; };
/* End PBXFileReference section */

/* Begin PBXFrameworksBuildPhase section */
		F08BA5CA2727B3CA00FADAAB /* Frameworks */ = {
			isa = PBXFrameworksBuildPhase;
			buildActionMask = 2147483647;
			files = (
				F01C3C4A27286609002AA7FE /* Kingfisher in Frameworks */,
			);
			runOnlyForDeploymentPostprocessing = 0;
		};
/* End PBXFrameworksBuildPhase section */

/* Begin PBXGroup section */
		F08BA5C42727B3CA00FADAAB = {
			isa = PBXGroup;
			children = (
				F08BA5CF2727B3CA00FADAAB /* Checkmark jatiper */,
				F08BA5CE2727B3CA00FADAAB /* Products */,
			);
			sourceTree = "<group>";
		};
		F08BA5CE2727B3CA00FADAAB /* Products */ = {
			isa = PBXGroup;
			children = (
				F08BA5CD2727B3CA00FADAAB /* Checkmark jatiper.app */,
			);
			name = Products;
			sourceTree = "<group>";
		};
		F08BA5CF2727B3CA00FADAAB /* Checkmark jatiper */ = {
			isa = PBXGroup;
			children = (
				F08BA5D02727B3CA00FADAAB /* Checkmark_jatiperApp.swift */,
				F08BA5D22727B3CA00FADAAB /* ContentView.swift */,
				F08BA5D42727B3CB00FADAAB /* Assets.xcassets */,
				F08BA5D92727B3CB00FADAAB /* Info.plist */,
				F08BA5D62727B3CB00FADAAB /* Preview Content */,
			);
			path = "Checkmark jatiper";
			sourceTree = "<group>";
		};
		F08BA5D62727B3CB00FADAAB /* Preview Content */ = {
			isa = PBXGroup;
			children = (
				F08BA5D72727B3CB00FADAAB /* Preview Assets.xcassets */,
			);
			path = "Preview Content";
			sourceTree = "<group>";
		};
/* End PBXGroup section */

/* Begin PBXNativeTarget section */
		F08BA5CC2727B3CA00FADAAB /* Checkmark jatiper */ = {
			isa = PBXNativeTarget;
			buildConfigurationList = F08BA5DC2727B3CB00FADAAB /* Build configuration list for PBXNativeTarget "Checkmark jatiper" */;
			buildPhases = (
				F08BA5C92727B3CA00FADAAB /* Sources */,
				F08BA5CA2727B3CA00FADAAB /* Frameworks */,
				F08BA5CB2727B3CA00FADAAB /* Resources */,
			);
			buildRules = (
			);
			dependencies = (
			);
			name = "Checkmark jatiper";
			packageProductDependencies = (
				F01C3C4927286609002AA7FE /* Kingfisher */,
			);
			productName = "Checkmark jatiper";
			productReference = F08BA5CD2727B3CA00FADAAB /* Checkmark jatiper.app */;
			productType = "com.apple.product-type.application";
		};
/* End PBXNativeTarget section */

/* Begin PBXProject section */
		F08BA5C52727B3CA00FADAAB /* Project object */ = {
			isa = PBXProject;
			attributes = {
				LastSwiftUpdateCheck = 1250;
				LastUpgradeCheck = 1250;
				TargetAttributes = {
					F08BA5CC2727B3CA00FADAAB = {
						CreatedOnToolsVersion = 12.5.1;
					};
				};
			};
			buildConfigurationList = F08BA5C82727B3CA00FADAAB /* Build configuration list for PBXProject "Checkmark jatiper" */;
			compatibilityVersion = "Xcode 9.3";
			developmentRegion = en;
			hasScannedForEncodings = 0;
			knownRegions = (
				en,
				Base,
			);
			mainGroup = F08BA5C42727B3CA00FADAAB;
			packageReferences = (
				F01C3C4827286609002AA7FE /* XCRemoteSwiftPackageReference "Kingfisher" */,
			);
			productRefGroup = F08BA5CE2727B3CA00FADAAB /* Products */;
			projectDirPath = "";
			projectRoot = "";
			targets = (
				F08BA5CC2727B3CA00FADAAB /* Checkmark jatiper */,
			);
		};
/* End PBXProject section */

/* Begin PBXResourcesBuildPhase section */
		F08BA5CB2727B3CA00FADAAB /* Resources */ = {
			isa = PBXResourcesBuildPhase;
			buildActionMask = 2147483647;
			files = (
				F08BA5D82727B3CB00FADAAB /* Preview Assets.xcassets in Resources */,
				F08BA5D52727B3CB00FADAAB /* Assets.xcassets in Resources */,
			);
			runOnlyForDeploymentPostprocessing = 0;
		};
/* End PBXResourcesBuildPhase section */

/* Begin PBXSourcesBuildPhase section */
		F08BA5C92727B3CA00FADAAB /* Sources */ = {
			isa = PBXSourcesBuildPhase;
			buildActionMask = 2147483647;
			files = (
				F08BA5D32727B3CA00FADAAB /* ContentView.swift in Sources */,
				F08BA5D12727B3CA00FADAAB /* Checkmark_jatiperApp.swift in Sources */,
			);
			runOnlyForDeploymentPostprocessing = 0;
		};
/* End PBXSourcesBuildPhase section */

/* Begin XCBuildConfiguration section */
		F08BA5DA2727B3CB00FADAAB /* Debug */ = {
			isa = XCBuildConfiguration;
			buildSettings = {
				ALWAYS_SEARCH_USER_PATHS = NO;
				CLANG_ANALYZER_NONNULL = YES;
				CLANG_ANALYZER_NUMBER_OBJECT_CONVERSION = YES_AGGRESSIVE;
				CLANG_CXX_LANGUAGE_STANDARD = "gnu++14";
				CLANG_CXX_LIBRARY = "libc++";
				CLANG_ENABLE_MODULES = YES;
				CLANG_ENABLE_OBJC_ARC = YES;
				CLANG_ENABLE_OBJC_WEAK = YES;
				CLANG_WARN_BLOCK_CAPTURE_AUTORELEASING = YES;
				CLANG_WARN_BOOL_CONVERSION = YES;
				CLANG_WARN_COMMA = YES;
				CLANG_WARN_CONSTANT_CONVERSION = YES;
				CLANG_WARN_DEPRECATED_OBJC_IMPLEMENTATIONS = YES;
				CLANG_WARN_DIRECT_OBJC_ISA_USAGE = YES_ERROR;
				CLANG_WARN_DOCUMENTATION_COMMENTS = YES;
				CLANG_WARN_EMPTY_BODY = YES;
				CLANG_WARN_ENUM_CONVERSION = YES;
				CLANG_WARN_INFINITE_RECURSION = YES;
				CLANG_WARN_INT_CONVERSION = YES;
				CLANG_WARN_NON_LITERAL_NULL_CONVERSION = YES;
				CLANG_WARN_OBJC_IMPLICIT_RETAIN_SELF = YES;
				CLANG_WARN_OBJC_LITERAL_CONVERSION = YES;
				CLANG_WARN_OBJC_ROOT_CLASS = YES_ERROR;
				CLANG_WARN_QUOTED_INCLUDE_IN_FRAMEWORK_HEADER = YES;
				CLANG_WARN_RANGE_LOOP_ANALYSIS = YES;
				CLANG_WARN_STRICT_PROTOTYPES = YES;
				CLANG_WARN_SUSPICIOUS_MOVE = YES;
				CLANG_WARN_UNGUARDED_AVAILABILITY = YES_AGGRESSIVE;
				CLANG_WARN_UNREACHABLE_CODE = YES;
				CLANG_WARN__DUPLICATE_METHOD_MATCH = YES;
				COPY_PHASE_STRIP = NO;
				DEBUG_INFORMATION_FORMAT = dwarf;
				ENABLE_STRICT_OBJC_MSGSEND = YES;
				ENABLE_TESTABILITY = YES;
				GCC_C_LANGUAGE_STANDARD = gnu11;
				GCC_DYNAMIC_NO_PIC = NO;
				GCC_NO_COMMON_BLOCKS = YES;
				GCC_OPTIMIZATION_LEVEL = 0;
				GCC_PREPROCESSOR_DEFINITIONS = (
					"DEBUG=1",
					"$(inherited)",
				);
				GCC_WARN_64_TO_32_BIT_CONVERSION = YES;
				GCC_WARN_ABOUT_RETURN_TYPE = YES_ERROR;
				GCC_WARN_UNDECLARED_SELECTOR = YES;
				GCC_WARN_UNINITIALIZED_AUTOS = YES_AGGRESSIVE;
				GCC_WARN_UNUSED_FUNCTION = YES;
				GCC_WARN_UNUSED_VARIABLE = YES;
				IPHONEOS_DEPLOYMENT_TARGET = 14.5;
				MTL_ENABLE_DEBUG_INFO = INCLUDE_SOURCE;
				MTL_FAST_MATH = YES;
				ONLY_ACTIVE_ARCH = YES;
				SDKROOT = iphoneos;
				SWIFT_ACTIVE_COMPILATION_CONDITIONS = DEBUG;
				SWIFT_OPTIMIZATION_LEVEL = "-Onone";
			};
			name = Debug;
		};
		F08BA5DB2727B3CB00FADAAB /* Release */ = {
			isa = XCBuildConfiguration;
			buildSettings = {
				ALWAYS_SEARCH_USER_PATHS = NO;
				CLANG_ANALYZER_NONNULL = YES;
				CLANG_ANALYZER_NUMBER_OBJECT_CONVERSION = YES_AGGRESSIVE;
				CLANG_CXX_LANGUAGE_STANDARD = "gnu++14";
				CLANG_CXX_LIBRARY = "libc++";
				CLANG_ENABLE_MODULES = YES;
				CLANG_ENABLE_OBJC_ARC = YES;
				CLANG_ENABLE_OBJC_WEAK = YES;
				CLANG_WARN_BLOCK_CAPTURE_AUTORELEASING = YES;
				CLANG_WARN_BOOL_CONVERSION = YES;
				CLANG_WARN_COMMA = YES;
				CLANG_WARN_CONSTANT_CONVERSION = YES;
				CLANG_WARN_DEPRECATED_OBJC_IMPLEMENTATIONS = YES;
				CLANG_WARN_DIRECT_OBJC_ISA_USAGE = YES_ERROR;
				CLANG_WARN_DOCUMENTATION_COMMENTS = YES;
				CLANG_WARN_EMPTY_BODY = YES;
				CLANG_WARN_ENUM_CONVERSION = YES;
				CLANG_WARN_INFINITE_RECURSION = YES;
				CLANG_WARN_INT_CONVERSION = YES;
				CLANG_WARN_NON_LITERAL_NULL_CONVERSION = YES;
				CLANG_WARN_OBJC_IMPLICIT_RETAIN_SELF = YES;
				CLANG_WARN_OBJC_LITERAL_CONVERSION = YES;
				CLANG_WARN_OBJC_ROOT_CLASS = YES_ERROR;
				CLANG_WARN_QUOTED_INCLUDE_IN_FRAMEWORK_HEADER = YES;
				CLANG_WARN_RANGE_LOOP_ANALYSIS = YES;
				CLANG_WARN_STRICT_PROTOTYPES = YES;
				CLANG_WARN_SUSPICIOUS_MOVE = YES;
				CLANG_WARN_UNGUARDED_AVAILABILITY = YES_AGGRESSIVE;
				CLANG_WARN_UNREACHABLE_CODE = YES;
				CLANG_WARN__DUPLICATE_METHOD_MATCH = YES;
				COPY_PHASE_STRIP = NO;
				DEBUG_INFORMATION_FORMAT = "dwarf-with-dsym";
				ENABLE_NS_ASSERTIONS = NO;
				ENABLE_STRICT_OBJC_MSGSEND = YES;
				GCC_C_LANGUAGE_STANDARD = gnu11;
				GCC_NO_COMMON_BLOCKS = YES;
				GCC_WARN_64_TO_32_BIT_CONVERSION = YES;
				GCC_WARN_ABOUT_RETURN_TYPE = YES_ERROR;
				GCC_WARN_UNDECLARED_SELECTOR = YES;
				GCC_WARN_UNINITIALIZED_AUTOS = YES_AGGRESSIVE;
				GCC_WARN_UNUSED_FUNCTION = YES;
				GCC_WARN_UNUSED_VARIABLE = YES;
				IPHONEOS_DEPLOYMENT_TARGET = 14.5;
				MTL_ENABLE_DEBUG_INFO = NO;
				MTL_FAST_MATH = YES;
				SDKROOT = iphoneos;
				SWIFT_COMPILATION_MODE = wholemodule;
				SWIFT_OPTIMIZATION_LEVEL = "-O";
				VALIDATE_PRODUCT = YES;
			};
			name = Release;
		};
		F08BA5DD2727B3CB00FADAAB /* Debug */ = {
			isa = XCBuildConfiguration;
			buildSettings = {
				ASSETCATALOG_COMPILER_APPICON_NAME = AppIcon;
				ASSETCATALOG_COMPILER_GLOBAL_ACCENT_COLOR_NAME = AccentColor;
				CODE_SIGN_STYLE = Automatic;
				DEVELOPMENT_ASSET_PATHS = "\"Checkmark jatiper/Preview Content\"";
				DEVELOPMENT_TEAM = 9T6A37YY89;
				ENABLE_PREVIEWS = YES;
				INFOPLIST_FILE = "Checkmark jatiper/Info.plist";
				IPHONEOS_DEPLOYMENT_TARGET = 14.0;
				LD_RUNPATH_SEARCH_PATHS = (
					"$(inherited)",
					"@executable_path/Frameworks",
				);
				PRODUCT_BUNDLE_IDENTIFIER = "www.pasdiaku.com.Checkmark-jatiper";
				PRODUCT_NAME = "$(TARGET_NAME)";
				SWIFT_VERSION = 5.0;
				TARGETED_DEVICE_FAMILY = "1,2";
			};
			name = Debug;
		};
		F08BA5DE2727B3CB00FADAAB /* Release */ = {
			isa = XCBuildConfiguration;
			buildSettings = {
				ASSETCATALOG_COMPILER_APPICON_NAME = AppIcon;
				ASSETCATALOG_COMPILER_GLOBAL_ACCENT_COLOR_NAME = AccentColor;
				CODE_SIGN_STYLE = Automatic;
				DEVELOPMENT_ASSET_PATHS = "\"Checkmark jatiper/Preview Content\"";
				DEVELOPMENT_TEAM = 9T6A37YY89;
				ENABLE_PREVIEWS = YES;
				INFOPLIST_FILE = "Checkmark jatiper/Info.plist";
				IPHONEOS_DEPLOYMENT_TARGET = 14.0;
				LD_RUNPATH_SEARCH_PATHS = (
					"$(inherited)",
					"@executable_path/Frameworks",
				);
				PRODUCT_BUNDLE_IDENTIFIER = "www.pasdiaku.com.Checkmark-jatiper";
				PRODUCT_NAME = "$(TARGET_NAME)";
				SWIFT_VERSION = 5.0;
				TARGETED_DEVICE_FAMILY = "1,2";
			};
			name = Release;
		};
/* End XCBuildConfiguration section */

/* Begin XCConfigurationList section */
		F08BA5C82727B3CA00FADAAB /* Build configuration list for PBXProject "Checkmark jatiper" */ = {
			isa = XCConfigurationList;
			buildConfigurations = (
				F08BA5DA2727B3CB00FADAAB /* Debug */,
				F08BA5DB2727B3CB00FADAAB /* Release */,
			);
			defaultConfigurationIsVisible = 0;
			defaultConfigurationName = Release;
		};
		F08BA5DC2727B3CB00FADAAB /* Build configuration list for PBXNativeTarget "Checkmark jatiper" */ = {
			isa = XCConfigurationList;
			buildConfigurations = (
				F08BA5DD2727B3CB00FADAAB /* Debug */,
				F08BA5DE2727B3CB00FADAAB /* Release */,
			);
			defaultConfigurationIsVisible = 0;
			defaultConfigurationName = Release;
		};
/* End XCConfigurationList section */

/* Begin XCRemoteSwiftPackageReference section */
		F01C3C4827286609002AA7FE /* XCRemoteSwiftPackageReference "Kingfisher" */ = {
			isa = XCRemoteSwiftPackageReference;
			repositoryURL = "https://github.com/onevcat/Kingfisher";
			requirement = {
				kind = upToNextMajorVersion;
				minimumVersion = 7.0.0;
			};
		};
/* End XCRemoteSwiftPackageReference section */

/* Begin XCSwiftPackageProductDependency section */
		F01C3C4927286609002AA7FE /* Kingfisher */ = {
			isa = XCSwiftPackageProductDependency;
			package = F01C3C4827286609002AA7FE /* XCRemoteSwiftPackageReference "Kingfisher" */;
			productName = Kingfisher;
		};
/* End XCSwiftPackageProductDependency section */
	};
	rootObject = F08BA5C52727B3CA00FADAAB /* Project object */;
}
